
Microsoft Visual Studio Solution File, Format Version 12.00
# Visual Studio 15
VisualStudioVersion = 15.0.28307.106
MinimumVisualStudioVersion = 10.0.40219.1
Project("{FAE04EC0-301F-11D3-BF4B-00C04F79EFBC}") = "Account", "Account\Account.csproj", "{E0BF8A22-72EB-466A-B6CC-46D716383559}"
EndProject
Global
	GlobalSection(SolutionConfigurationPlatforms) = preSolution
		Debug|Any CPU = Debug|Any CPU
		Release|Any CPU = Release|Any CPU
	EndGlobalSection
	GlobalSection(ProjectConfigurationPlatforms) = postSolution
		{E0BF8A22-72EB-466A-B6CC-46D716383559}.Debug|Any CPU.ActiveCfg = Debug|Any CPU
		{E0BF8A22-72EB-466A-B6CC-46D716383559}.Debug|Any CPU.Build.0 = Debug|Any CPU
		{E0BF8A22-72EB-466A-B6CC-46D716383559}.Release|Any CPU.ActiveCfg = Release|Any CPU
		{E0BF8A22-72EB-466A-B6CC-46D716383559}.Release|Any CPU.Build.0 = Release|Any CPU
	EndGlobalSection
	GlobalSection(SolutionProperties) = preSolution
		HideSolutionNode = FALSE
	EndGlobalSection
	GlobalSection(ExtensibilityGlobals) = postSolution
		SolutionGuid = {20026E1A-F218-451A-8FE2-BCC5D91DD9AE}
	EndGlobalSection
EndGlobal
